// !$*UTF8*$!
{
	archiveVersion = 1;
	classes = {
	};
	objectVersion = 50;
	objects = {

/* Begin PBXBuildFile section */
		E70C2EA825C0CBD80023FC77 /* MyListViewController.swift in Sources */ = {isa = PBXBuildFile; fileRef = E70C2EA725C0CBD80023FC77 /* MyListViewController.swift */; };
		E7A1737725C8CBFF00C5DDB3 /* ListTableViewCell.swift in Sources */ = {isa = PBXBuildFile; fileRef = E7A1737525C8CBFF00C5DDB3 /* ListTableViewCell.swift */; };
		E7A1737825C8CBFF00C5DDB3 /* ListTableViewCell.xib in Resources */ = {isa = PBXBuildFile; fileRef = E7A1737625C8CBFF00C5DDB3 /* ListTableViewCell.xib */; };
		E7A9AD2E25BFA782004F5760 /* AppDelegate.swift in Sources */ = {isa = PBXBuildFile; fileRef = E7A9AD2D25BFA782004F5760 /* AppDelegate.swift */; };
		E7A9AD3025BFA782004F5760 /* SceneDelegate.swift in Sources */ = {isa = PBXBuildFile; fileRef = E7A9AD2F25BFA782004F5760 /* SceneDelegate.swift */; };
		E7A9AD3225BFA782004F5760 /* ViewController.swift in Sources */ = {isa = PBXBuildFile; fileRef = E7A9AD3125BFA782004F5760 /* ViewController.swift */; };
		E7A9AD3525BFA782004F5760 /* Main.storyboard in Resources */ = {isa = PBXBuildFile; fileRef = E7A9AD3325BFA782004F5760 /* Main.storyboard */; };
		E7A9AD3825BFA782004F5760 /* DoMyMath.xcdatamodeld in Sources */ = {isa = PBXBuildFile; fileRef = E7A9AD3625BFA782004F5760 /* DoMyMath.xcdatamodeld */; };
		E7A9AD3A25BFA784004F5760 /* Assets.xcassets in Resources */ = {isa = PBXBuildFile; fileRef = E7A9AD3925BFA784004F5760 /* Assets.xcassets */; };
		E7A9AD3D25BFA784004F5760 /* LaunchScreen.storyboard in Resources */ = {isa = PBXBuildFile; fileRef = E7A9AD3B25BFA784004F5760 /* LaunchScreen.storyboard */; };
		E7A9AD4725BFA8A9004F5760 /* AddItemViewController.swift in Sources */ = {isa = PBXBuildFile; fileRef = E7A9AD4625BFA8A9004F5760 /* AddItemViewController.swift */; };
		E7D3099125C8D1CA00A3C164 /* ListItem.swift in Sources */ = {isa = PBXBuildFile; fileRef = E7D3099025C8D1CA00A3C164 /* ListItem.swift */; };
		E7D3099425C8D32200A3C164 /* AddItemController.swift in Sources */ = {isa = PBXBuildFile; fileRef = E7D3099325C8D32200A3C164 /* AddItemController.swift */; };
		E7D8EFD825CA330A00E23874 /* MyListController.swift in Sources */ = {isa = PBXBuildFile; fileRef = E7D8EFD725CA330A00E23874 /* MyListController.swift */; };
/* End PBXBuildFile section */

/* Begin PBXFileReference section */
		E70C2EA725C0CBD80023FC77 /* MyListViewController.swift */ = {isa = PBXFileReference; lastKnownFileType = sourcecode.swift; path = MyListViewController.swift; sourceTree = "<group>"; };
		E7A1737525C8CBFF00C5DDB3 /* ListTableViewCell.swift */ = {isa = PBXFileReference; lastKnownFileType = sourcecode.swift; path = ListTableViewCell.swift; sourceTree = "<group>"; };
		E7A1737625C8CBFF00C5DDB3 /* ListTableViewCell.xib */ = {isa = PBXFileReference; lastKnownFileType = file.xib; path = ListTableViewCell.xib; sourceTree = "<group>"; };
		E7A9AD2A25BFA782004F5760 /* DoMyMath.app */ = {isa = PBXFileReference; explicitFileType = wrapper.application; includeInIndex = 0; path = DoMyMath.app; sourceTree = BUILT_PRODUCTS_DIR; };
		E7A9AD2D25BFA782004F5760 /* AppDelegate.swift */ = {isa = PBXFileReference; lastKnownFileType = sourcecode.swift; path = AppDelegate.swift; sourceTree = "<group>"; };
		E7A9AD2F25BFA782004F5760 /* SceneDelegate.swift */ = {isa = PBXFileReference; lastKnownFileType = sourcecode.swift; path = SceneDelegate.swift; sourceTree = "<group>"; };
		E7A9AD3125BFA782004F5760 /* ViewController.swift */ = {isa = PBXFileReference; lastKnownFileType = sourcecode.swift; path = ViewController.swift; sourceTree = "<group>"; };
		E7A9AD3425BFA782004F5760 /* Base */ = {isa = PBXFileReference; lastKnownFileType = file.storyboard; name = Base; path = Base.lproj/Main.storyboard; sourceTree = "<group>"; };
		E7A9AD3725BFA782004F5760 /* DoMyMath.xcdatamodel */ = {isa = PBXFileReference; lastKnownFileType = wrapper.xcdatamodel; path = DoMyMath.xcdatamodel; sourceTree = "<group>"; };
		E7A9AD3925BFA784004F5760 /* Assets.xcassets */ = {isa = PBXFileReference; lastKnownFileType = folder.assetcatalog; path = Assets.xcassets; sourceTree = "<group>"; };
		E7A9AD3C25BFA784004F5760 /* Base */ = {isa = PBXFileReference; lastKnownFileType = file.storyboard; name = Base; path = Base.lproj/LaunchScreen.storyboard; sourceTree = "<group>"; };
		E7A9AD3E25BFA784004F5760 /* Info.plist */ = {isa = PBXFileReference; lastKnownFileType = text.plist.xml; path = Info.plist; sourceTree = "<group>"; };
		E7A9AD4625BFA8A9004F5760 /* AddItemViewController.swift */ = {isa = PBXFileReference; lastKnownFileType = sourcecode.swift; path = AddItemViewController.swift; sourceTree = "<group>"; };
		E7D3099025C8D1CA00A3C164 /* ListItem.swift */ = {isa = PBXFileReference; lastKnownFileType = sourcecode.swift; path = ListItem.swift; sourceTree = "<group>"; };
		E7D3099325C8D32200A3C164 /* AddItemController.swift */ = {isa = PBXFileReference; lastKnownFileType = sourcecode.swift; path = AddItemController.swift; sourceTree = "<group>"; };
		E7D8EFD725CA330A00E23874 /* MyListController.swift */ = {isa = PBXFileReference; lastKnownFileType = sourcecode.swift; path = MyListController.swift; sourceTree = "<group>"; };
/* End PBXFileReference section */

/* Begin PBXFrameworksBuildPhase section */
		E7A9AD2725BFA782004F5760 /* Frameworks */ = {
			isa = PBXFrameworksBuildPhase;
			buildActionMask = 2147483647;
			files = (
			);
			runOnlyForDeploymentPostprocessing = 0;
		};
/* End PBXFrameworksBuildPhase section */

/* Begin PBXGroup section */
		E70C2EA625C0CBC90023FC77 /* MyList */ = {
			isa = PBXGroup;
			children = (
				E70C2EA725C0CBD80023FC77 /* MyListViewController.swift */,
				E7D8EFD725CA330A00E23874 /* MyListController.swift */,
			);
			path = MyList;
			sourceTree = "<group>";
		};
		E7A9AD2125BFA782004F5760 = {
			isa = PBXGroup;
			children = (
				E7A9AD2C25BFA782004F5760 /* DoMyMath */,
				E7A9AD2B25BFA782004F5760 /* Products */,
			);
			sourceTree = "<group>";
		};
		E7A9AD2B25BFA782004F5760 /* Products */ = {
			isa = PBXGroup;
			children = (
				E7A9AD2A25BFA782004F5760 /* DoMyMath.app */,
			);
			name = Products;
			sourceTree = "<group>";
		};
		E7A9AD2C25BFA782004F5760 /* DoMyMath */ = {
			isa = PBXGroup;
			children = (
				E7D3098F25C8D19F00A3C164 /* Model */,
				E7A9AD4A25BFB6E7004F5760 /* Custom */,
				E7A9AD4525BFA7D6004F5760 /* GoShop */,
				E7A9AD2D25BFA782004F5760 /* AppDelegate.swift */,
				E7A9AD2F25BFA782004F5760 /* SceneDelegate.swift */,
				E7A9AD3125BFA782004F5760 /* ViewController.swift */,
				E7A9AD3325BFA782004F5760 /* Main.storyboard */,
				E7A9AD3925BFA784004F5760 /* Assets.xcassets */,
				E7A9AD3B25BFA784004F5760 /* LaunchScreen.storyboard */,
				E7A9AD3E25BFA784004F5760 /* Info.plist */,
				E7A9AD3625BFA782004F5760 /* DoMyMath.xcdatamodeld */,
			);
			path = DoMyMath;
			sourceTree = "<group>";
		};
		E7A9AD4525BFA7D6004F5760 /* GoShop */ = {
			isa = PBXGroup;
			children = (
				E70C2EA625C0CBC90023FC77 /* MyList */,
				E7A9AD4925BFB65A004F5760 /* AddItem */,
			);
			path = GoShop;
			sourceTree = "<group>";
		};
		E7A9AD4925BFB65A004F5760 /* AddItem */ = {
			isa = PBXGroup;
			children = (
				E7A9AD4625BFA8A9004F5760 /* AddItemViewController.swift */,
				E7D3099325C8D32200A3C164 /* AddItemController.swift */,
			);
			path = AddItem;
			sourceTree = "<group>";
		};
		E7A9AD4A25BFB6E7004F5760 /* Custom */ = {
			isa = PBXGroup;
			children = (
				E7A1737525C8CBFF00C5DDB3 /* ListTableViewCell.swift */,
				E7A1737625C8CBFF00C5DDB3 /* ListTableViewCell.xib */,
			);
			path = Custom;
			sourceTree = "<group>";
		};
		E7D3098F25C8D19F00A3C164 /* Model */ = {
			isa = PBXGroup;
			children = (
				E7D3099025C8D1CA00A3C164 /* ListItem.swift */,
			);
			path = Model;
			sourceTree = "<group>";
		};
/* End PBXGroup section */

/* Begin PBXNativeTarget section */
		E7A9AD2925BFA782004F5760 /* DoMyMath */ = {
			isa = PBXNativeTarget;
			buildConfigurationList = E7A9AD4125BFA784004F5760 /* Build configuration list for PBXNativeTarget "DoMyMath" */;
			buildPhases = (
				E7A9AD2625BFA782004F5760 /* Sources */,
				E7A9AD2725BFA782004F5760 /* Frameworks */,
				E7A9AD2825BFA782004F5760 /* Resources */,
			);
			buildRules = (
			);
			dependencies = (
			);
			name = DoMyMath;
			productName = DoMyMath;
			productReference = E7A9AD2A25BFA782004F5760 /* DoMyMath.app */;
			productType = "com.apple.product-type.application";
		};
/* End PBXNativeTarget section */

/* Begin PBXProject section */
		E7A9AD2225BFA782004F5760 /* Project object */ = {
			isa = PBXProject;
			attributes = {
				LastSwiftUpdateCheck = 1230;
				LastUpgradeCheck = 1230;
				TargetAttributes = {
					E7A9AD2925BFA782004F5760 = {
						CreatedOnToolsVersion = 12.3;
					};
				};
			};
			buildConfigurationList = E7A9AD2525BFA782004F5760 /* Build configuration list for PBXProject "DoMyMath" */;
			compatibilityVersion = "Xcode 9.3";
			developmentRegion = en;
			hasScannedForEncodings = 0;
			knownRegions = (
				en,
				Base,
			);
			mainGroup = E7A9AD2125BFA782004F5760;
			productRefGroup = E7A9AD2B25BFA782004F5760 /* Products */;
			projectDirPath = "";
			projectRoot = "";
			targets = (
				E7A9AD2925BFA782004F5760 /* DoMyMath */,
			);
		};
/* End PBXProject section */

/* Begin PBXResourcesBuildPhase section */
		E7A9AD2825BFA782004F5760 /* Resources */ = {
			isa = PBXResourcesBuildPhase;
			buildActionMask = 2147483647;
			files = (
				E7A9AD3D25BFA784004F5760 /* LaunchScreen.storyboard in Resources */,
				E7A1737825C8CBFF00C5DDB3 /* ListTableViewCell.xib in Resources */,
				E7A9AD3A25BFA784004F5760 /* Assets.xcassets in Resources */,
				E7A9AD3525BFA782004F5760 /* Main.storyboard in Resources */,
			);
			runOnlyForDeploymentPostprocessing = 0;
		};
/* End PBXResourcesBuildPhase section */

/* Begin PBXSourcesBuildPhase section */
		E7A9AD2625BFA782004F5760 /* Sources */ = {
			isa = PBXSourcesBuildPhase;
			buildActionMask = 2147483647;
			files = (
				E7A1737725C8CBFF00C5DDB3 /* ListTableViewCell.swift in Sources */,
				E70C2EA825C0CBD80023FC77 /* MyListViewController.swift in Sources */,
				E7A9AD4725BFA8A9004F5760 /* AddItemViewController.swift in Sources */,
				E7A9AD3825BFA782004F5760 /* DoMyMath.xcdatamodeld in Sources */,
				E7D3099125C8D1CA00A3C164 /* ListItem.swift in Sources */,
				E7A9AD3225BFA782004F5760 /* ViewController.swift in Sources */,
				E7D3099425C8D32200A3C164 /* AddItemController.swift in Sources */,
				E7D8EFD825CA330A00E23874 /* MyListController.swift in Sources */,
				E7A9AD2E25BFA782004F5760 /* AppDelegate.swift in Sources */,
				E7A9AD3025BFA782004F5760 /* SceneDelegate.swift in Sources */,
			);
			runOnlyForDeploymentPostprocessing = 0;
		};
/* End PBXSourcesBuildPhase section */

/* Begin PBXVariantGroup section */
		E7A9AD3325BFA782004F5760 /* Main.storyboard */ = {
			isa = PBXVariantGroup;
			children = (
				E7A9AD3425BFA782004F5760 /* Base */,
			);
			name = Main.storyboard;
			sourceTree = "<group>";
		};
		E7A9AD3B25BFA784004F5760 /* LaunchScreen.storyboard */ = {
			isa = PBXVariantGroup;
			children = (
				E7A9AD3C25BFA784004F5760 /* Base */,
			);
			name = LaunchScreen.storyboard;
			sourceTree = "<group>";
		};
/* End PBXVariantGroup section */

/* Begin XCBuildConfiguration section */
		E7A9AD3F25BFA784004F5760 /* Debug */ = {
			isa = XCBuildConfiguration;
			buildSettings = {
				ALWAYS_SEARCH_USER_PATHS = NO;
				CLANG_ANALYZER_NONNULL = YES;
				CLANG_ANALYZER_NUMBER_OBJECT_CONVERSION = YES_AGGRESSIVE;
				CLANG_CXX_LANGUAGE_STANDARD = "gnu++14";
				CLANG_CXX_LIBRARY = "libc++";
				CLANG_ENABLE_MODULES = YES;
				CLANG_ENABLE_OBJC_ARC = YES;
				CLANG_ENABLE_OBJC_WEAK = YES;
				CLANG_WARN_BLOCK_CAPTURE_AUTORELEASING = YES;
				CLANG_WARN_BOOL_CONVERSION = YES;
				CLANG_WARN_COMMA = YES;
				CLANG_WARN_CONSTANT_CONVERSION = YES;
				CLANG_WARN_DEPRECATED_OBJC_IMPLEMENTATIONS = YES;
				CLANG_WARN_DIRECT_OBJC_ISA_USAGE = YES_ERROR;
				CLANG_WARN_DOCUMENTATION_COMMENTS = YES;
				CLANG_WARN_EMPTY_BODY = YES;
				CLANG_WARN_ENUM_CONVERSION = YES;
				CLANG_WARN_INFINITE_RECURSION = YES;
				CLANG_WARN_INT_CONVERSION = YES;
				CLANG_WARN_NON_LITERAL_NULL_CONVERSION = YES;
				CLANG_WARN_OBJC_IMPLICIT_RETAIN_SELF = YES;
				CLANG_WARN_OBJC_LITERAL_CONVERSION = YES;
				CLANG_WARN_OBJC_ROOT_CLASS = YES_ERROR;
				CLANG_WARN_QUOTED_INCLUDE_IN_FRAMEWORK_HEADER = YES;
				CLANG_WARN_RANGE_LOOP_ANALYSIS = YES;
				CLANG_WARN_STRICT_PROTOTYPES = YES;
				CLANG_WARN_SUSPICIOUS_MOVE = YES;
				CLANG_WARN_UNGUARDED_AVAILABILITY = YES_AGGRESSIVE;
				CLANG_WARN_UNREACHABLE_CODE = YES;
				CLANG_WARN__DUPLICATE_METHOD_MATCH = YES;
				COPY_PHASE_STRIP = NO;
				DEBUG_INFORMATION_FORMAT = dwarf;
				ENABLE_STRICT_OBJC_MSGSEND = YES;
				ENABLE_TESTABILITY = YES;
				GCC_C_LANGUAGE_STANDARD = gnu11;
				GCC_DYNAMIC_NO_PIC = NO;
				GCC_NO_COMMON_BLOCKS = YES;
				GCC_OPTIMIZATION_LEVEL = 0;
				GCC_PREPROCESSOR_DEFINITIONS = (
					"DEBUG=1",
					"$(inherited)",
				);
				GCC_WARN_64_TO_32_BIT_CONVERSION = YES;
				GCC_WARN_ABOUT_RETURN_TYPE = YES_ERROR;
				GCC_WARN_UNDECLARED_SELECTOR = YES;
				GCC_WARN_UNINITIALIZED_AUTOS = YES_AGGRESSIVE;
				GCC_WARN_UNUSED_FUNCTION = YES;
				GCC_WARN_UNUSED_VARIABLE = YES;
				IPHONEOS_DEPLOYMENT_TARGET = 14.3;
				MTL_ENABLE_DEBUG_INFO = INCLUDE_SOURCE;
				MTL_FAST_MATH = YES;
				ONLY_ACTIVE_ARCH = YES;
				SDKROOT = iphoneos;
				SWIFT_ACTIVE_COMPILATION_CONDITIONS = DEBUG;
				SWIFT_OPTIMIZATION_LEVEL = "-Onone";
			};
			name = Debug;
		};
		E7A9AD4025BFA784004F5760 /* Release */ = {
			isa = XCBuildConfiguration;
			buildSettings = {
				ALWAYS_SEARCH_USER_PATHS = NO;
				CLANG_ANALYZER_NONNULL = YES;
				CLANG_ANALYZER_NUMBER_OBJECT_CONVERSION = YES_AGGRESSIVE;
				CLANG_CXX_LANGUAGE_STANDARD = "gnu++14";
				CLANG_CXX_LIBRARY = "libc++";
				CLANG_ENABLE_MODULES = YES;
				CLANG_ENABLE_OBJC_ARC = YES;
				CLANG_ENABLE_OBJC_WEAK = YES;
				CLANG_WARN_BLOCK_CAPTURE_AUTORELEASING = YES;
				CLANG_WARN_BOOL_CONVERSION = YES;
				CLANG_WARN_COMMA = YES;
				CLANG_WARN_CONSTANT_CONVERSION = YES;
				CLANG_WARN_DEPRECATED_OBJC_IMPLEMENTATIONS = YES;
				CLANG_WARN_DIRECT_OBJC_ISA_USAGE = YES_ERROR;
				CLANG_WARN_DOCUMENTATION_COMMENTS = YES;
				CLANG_WARN_EMPTY_BODY = YES;
				CLANG_WARN_ENUM_CONVERSION = YES;
				CLANG_WARN_INFINITE_RECURSION = YES;
				CLANG_WARN_INT_CONVERSION = YES;
				CLANG_WARN_NON_LITERAL_NULL_CONVERSION = YES;
				CLANG_WARN_OBJC_IMPLICIT_RETAIN_SELF = YES;
				CLANG_WARN_OBJC_LITERAL_CONVERSION = YES;
				CLANG_WARN_OBJC_ROOT_CLASS = YES_ERROR;
				CLANG_WARN_QUOTED_INCLUDE_IN_FRAMEWORK_HEADER = YES;
				CLANG_WARN_RANGE_LOOP_ANALYSIS = YES;
				CLANG_WARN_STRICT_PROTOTYPES = YES;
				CLANG_WARN_SUSPICIOUS_MOVE = YES;
				CLANG_WARN_UNGUARDED_AVAILABILITY = YES_AGGRESSIVE;
				CLANG_WARN_UNREACHABLE_CODE = YES;
				CLANG_WARN__DUPLICATE_METHOD_MATCH = YES;
				COPY_PHASE_STRIP = NO;
				DEBUG_INFORMATION_FORMAT = "dwarf-with-dsym";
				ENABLE_NS_ASSERTIONS = NO;
				ENABLE_STRICT_OBJC_MSGSEND = YES;
				GCC_C_LANGUAGE_STANDARD = gnu11;
				GCC_NO_COMMON_BLOCKS = YES;
				GCC_WARN_64_TO_32_BIT_CONVERSION = YES;
				GCC_WARN_ABOUT_RETURN_TYPE = YES_ERROR;
				GCC_WARN_UNDECLARED_SELECTOR = YES;
				GCC_WARN_UNINITIALIZED_AUTOS = YES_AGGRESSIVE;
				GCC_WARN_UNUSED_FUNCTION = YES;
				GCC_WARN_UNUSED_VARIABLE = YES;
				IPHONEOS_DEPLOYMENT_TARGET = 14.3;
				MTL_ENABLE_DEBUG_INFO = NO;
				MTL_FAST_MATH = YES;
				SDKROOT = iphoneos;
				SWIFT_COMPILATION_MODE = wholemodule;
				SWIFT_OPTIMIZATION_LEVEL = "-O";
				VALIDATE_PRODUCT = YES;
			};
			name = Release;
		};
		E7A9AD4225BFA784004F5760 /* Debug */ = {
			isa = XCBuildConfiguration;
			buildSettings = {
				ASSETCATALOG_COMPILER_APPICON_NAME = AppIcon;
				ASSETCATALOG_COMPILER_GLOBAL_ACCENT_COLOR_NAME = AccentColor;
				CODE_SIGN_STYLE = Automatic;
				INFOPLIST_FILE = DoMyMath/Info.plist;
				LD_RUNPATH_SEARCH_PATHS = (
					"$(inherited)",
					"@executable_path/Frameworks",
				);
				PRODUCT_BUNDLE_IDENTIFIER = gomesproductions.DoMyMath;
				PRODUCT_NAME = "$(TARGET_NAME)";
				SWIFT_VERSION = 5.0;
				TARGETED_DEVICE_FAMILY = "1,2";
			};
			name = Debug;
		};
		E7A9AD4325BFA784004F5760 /* Release */ = {
			isa = XCBuildConfiguration;
			buildSettings = {
				ASSETCATALOG_COMPILER_APPICON_NAME = AppIcon;
				ASSETCATALOG_COMPILER_GLOBAL_ACCENT_COLOR_NAME = AccentColor;
				CODE_SIGN_STYLE = Automatic;
				INFOPLIST_FILE = DoMyMath/Info.plist;
				LD_RUNPATH_SEARCH_PATHS = (
					"$(inherited)",
					"@executable_path/Frameworks",
				);
				PRODUCT_BUNDLE_IDENTIFIER = gomesproductions.DoMyMath;
				PRODUCT_NAME = "$(TARGET_NAME)";
				SWIFT_VERSION = 5.0;
				TARGETED_DEVICE_FAMILY = "1,2";
			};
			name = Release;
		};
/* End XCBuildConfiguration section */

/* Begin XCConfigurationList section */
		E7A9AD2525BFA782004F5760 /* Build configuration list for PBXProject "DoMyMath" */ = {
			isa = XCConfigurationList;
			buildConfigurations = (
				E7A9AD3F25BFA784004F5760 /* Debug */,
				E7A9AD4025BFA784004F5760 /* Release */,
			);
			defaultConfigurationIsVisible = 0;
			defaultConfigurationName = Release;
		};
		E7A9AD4125BFA784004F5760 /* Build configuration list for PBXNativeTarget "DoMyMath" */ = {
			isa = XCConfigurationList;
			buildConfigurations = (
				E7A9AD4225BFA784004F5760 /* Debug */,
				E7A9AD4325BFA784004F5760 /* Release */,
			);
			defaultConfigurationIsVisible = 0;
			defaultConfigurationName = Release;
		};
/* End XCConfigurationList section */

/* Begin XCVersionGroup section */
		E7A9AD3625BFA782004F5760 /* DoMyMath.xcdatamodeld */ = {
			isa = XCVersionGroup;
			children = (
				E7A9AD3725BFA782004F5760 /* DoMyMath.xcdatamodel */,
			);
			currentVersion = E7A9AD3725BFA782004F5760 /* DoMyMath.xcdatamodel */;
			path = DoMyMath.xcdatamodeld;
			sourceTree = "<group>";
			versionGroupType = wrapper.xcdatamodel;
		};
/* End XCVersionGroup section */
	};
	rootObject = E7A9AD2225BFA782004F5760 /* Project object */;
}
